{
    "_readme": [
        "This file locks the dependencies of your project to a known state",
        "Read more about it at https://getcomposer.org/doc/01-basic-usage.md#installing-dependencies",
        "This file is @generated automatically"
    ],
    "content-hash": "69c07641d75d462a341e28f76b939ace",
    "packages": [
        {
            "name": "indexeddk/headless",
            "version": "1.01",
            "source": {
                "type": "git",
                "url": "https://github.com/Indexeddk/headless.git",
                "reference": "b09157fe0be5d09e282934be4afd0d6ce23ce868"
            },
            "dist": {
                "type": "zip",
                "url": "https://api.github.com/repos/Indexeddk/headless/zipball/b09157fe0be5d09e282934be4afd0d6ce23ce868",
                "reference": "b09157fe0be5d09e282934be4afd0d6ce23ce868",
                "shasum": ""
            },
            "require": {
                "ext-curl": "*",
                "ext-json": "*",
                "php": ">=7.2.0"
            },
            "type": "library",
            "autoload": {
                "psr-4": {
                    "Indexed\\Headless\\": "src/"
                }
            },
            "notification-url": "https://packagist.org/downloads/",
            "license": [
                "MIT"
            ],
            "authors": [
                {
                    "name": "Peter Sørensen",
                    "email": "peter@indexed.dk",
                    "homepage": "https://indexed.dk"
                }
            ],
            "description": "Headless wrapper to REST api",
            "homepage": "https://indexed.dk",
            "keywords": [
                "headless"
            ],
            "time": "2020-06-23T12:30:01+00:00"
        }
    ],
    "packages-dev": [],
    "aliases": [],
    "minimum-stability": "stable",
    "stability-flags": [],
    "prefer-stable": false,
    "prefer-lowest": false,
    "platform": [],
    "platform-dev": [],
    "plugin-api-version": "1.1.0"
}
